
Microsoft Visual Studio Solution File, Format Version 12.00
# Visual Studio Version 17
VisualStudioVersion = 17.11.35222.181
MinimumVisualStudioVersion = 10.0.40219.1
Project("{FAE04EC0-301F-11D3-BF4B-00C04F79EFBC}") = "task08", "task08\task08.csproj", "{94D90033-7C21-4213-920B-E0B617F9324E}"
EndProject
Global
	GlobalSection(SolutionConfigurationPlatforms) = preSolution
		Debug|Any CPU = Debug|Any CPU
		Release|Any CPU = Release|Any CPU
	EndGlobalSection
	GlobalSection(ProjectConfigurationPlatforms) = postSolution
		{94D90033-7C21-4213-920B-E0B617F9324E}.Debug|Any CPU.ActiveCfg = Debug|Any CPU
		{94D90033-7C21-4213-920B-E0B617F9324E}.Debug|Any CPU.Build.0 = Debug|Any CPU
		{94D90033-7C21-4213-920B-E0B617F9324E}.Release|Any CPU.ActiveCfg = Release|Any CPU
		{94D90033-7C21-4213-920B-E0B617F9324E}.Release|Any CPU.Build.0 = Release|Any CPU
	EndGlobalSection
	GlobalSection(SolutionProperties) = preSolution
		HideSolutionNode = FALSE
	EndGlobalSection
	GlobalSection(ExtensibilityGlobals) = postSolution
		SolutionGuid = {1D628CDA-0E92-4780-952E-A76920C3075F}
	EndGlobalSection
EndGlobal
