
Microsoft Visual Studio Solution File, Format Version 12.00
# Visual Studio Version 17
VisualStudioVersion = 17.11.35222.181
MinimumVisualStudioVersion = 10.0.40219.1
Project("{FAE04EC0-301F-11D3-BF4B-00C04F79EFBC}") = "task07-2(fixed)", "task07-2(fixed)\task07-2(fixed).csproj", "{1B60B941-E3ED-47C9-B3BE-71DA209DE9EB}"
EndProject
Global
	GlobalSection(SolutionConfigurationPlatforms) = preSolution
		Debug|Any CPU = Debug|Any CPU
		Release|Any CPU = Release|Any CPU
	EndGlobalSection
	GlobalSection(ProjectConfigurationPlatforms) = postSolution
		{1B60B941-E3ED-47C9-B3BE-71DA209DE9EB}.Debug|Any CPU.ActiveCfg = Debug|Any CPU
		{1B60B941-E3ED-47C9-B3BE-71DA209DE9EB}.Debug|Any CPU.Build.0 = Debug|Any CPU
		{1B60B941-E3ED-47C9-B3BE-71DA209DE9EB}.Release|Any CPU.ActiveCfg = Release|Any CPU
		{1B60B941-E3ED-47C9-B3BE-71DA209DE9EB}.Release|Any CPU.Build.0 = Release|Any CPU
	EndGlobalSection
	GlobalSection(SolutionProperties) = preSolution
		HideSolutionNode = FALSE
	EndGlobalSection
	GlobalSection(ExtensibilityGlobals) = postSolution
		SolutionGuid = {F83A6D29-D68E-4874-B23B-183E1F725C10}
	EndGlobalSection
EndGlobal
