
Microsoft Visual Studio Solution File, Format Version 12.00
# Visual Studio Version 17
VisualStudioVersion = 17.11.35222.181
MinimumVisualStudioVersion = 10.0.40219.1
Project("{FAE04EC0-301F-11D3-BF4B-00C04F79EFBC}") = "task11", "task11\task11.csproj", "{77E27C6F-0664-450E-8A33-D6DA486C7EBA}"
EndProject
Global
	GlobalSection(SolutionConfigurationPlatforms) = preSolution
		Debug|Any CPU = Debug|Any CPU
		Release|Any CPU = Release|Any CPU
	EndGlobalSection
	GlobalSection(ProjectConfigurationPlatforms) = postSolution
		{77E27C6F-0664-450E-8A33-D6DA486C7EBA}.Debug|Any CPU.ActiveCfg = Debug|Any CPU
		{77E27C6F-0664-450E-8A33-D6DA486C7EBA}.Debug|Any CPU.Build.0 = Debug|Any CPU
		{77E27C6F-0664-450E-8A33-D6DA486C7EBA}.Release|Any CPU.ActiveCfg = Release|Any CPU
		{77E27C6F-0664-450E-8A33-D6DA486C7EBA}.Release|Any CPU.Build.0 = Release|Any CPU
	EndGlobalSection
	GlobalSection(SolutionProperties) = preSolution
		HideSolutionNode = FALSE
	EndGlobalSection
	GlobalSection(ExtensibilityGlobals) = postSolution
		SolutionGuid = {79512535-6C6F-4EFD-91C8-7F35DF8B85FB}
	EndGlobalSection
EndGlobal
