
Microsoft Visual Studio Solution File, Format Version 12.00
# Visual Studio Version 17
VisualStudioVersion = 17.11.35222.181
MinimumVisualStudioVersion = 10.0.40219.1
Project("{FAE04EC0-301F-11D3-BF4B-00C04F79EFBC}") = "task07-3(fixed)", "task07-3(fixed)\task07-3(fixed).csproj", "{06B94A99-DF8C-4425-BA0D-3090133EA3CA}"
EndProject
Global
	GlobalSection(SolutionConfigurationPlatforms) = preSolution
		Debug|Any CPU = Debug|Any CPU
		Release|Any CPU = Release|Any CPU
	EndGlobalSection
	GlobalSection(ProjectConfigurationPlatforms) = postSolution
		{06B94A99-DF8C-4425-BA0D-3090133EA3CA}.Debug|Any CPU.ActiveCfg = Debug|Any CPU
		{06B94A99-DF8C-4425-BA0D-3090133EA3CA}.Debug|Any CPU.Build.0 = Debug|Any CPU
		{06B94A99-DF8C-4425-BA0D-3090133EA3CA}.Release|Any CPU.ActiveCfg = Release|Any CPU
		{06B94A99-DF8C-4425-BA0D-3090133EA3CA}.Release|Any CPU.Build.0 = Release|Any CPU
	EndGlobalSection
	GlobalSection(SolutionProperties) = preSolution
		HideSolutionNode = FALSE
	EndGlobalSection
	GlobalSection(ExtensibilityGlobals) = postSolution
		SolutionGuid = {86018C86-F47F-4B20-BC64-82EA587FA903}
	EndGlobalSection
EndGlobal
