
Microsoft Visual Studio Solution File, Format Version 12.00
# Visual Studio Version 17
VisualStudioVersion = 17.11.35222.181
MinimumVisualStudioVersion = 10.0.40219.1
Project("{FAE04EC0-301F-11D3-BF4B-00C04F79EFBC}") = "task04", "task04\task04.csproj", "{14F37088-5C78-4E68-A2EC-BF22FB7E721D}"
EndProject
Global
	GlobalSection(SolutionConfigurationPlatforms) = preSolution
		Debug|Any CPU = Debug|Any CPU
		Release|Any CPU = Release|Any CPU
	EndGlobalSection
	GlobalSection(ProjectConfigurationPlatforms) = postSolution
		{14F37088-5C78-4E68-A2EC-BF22FB7E721D}.Debug|Any CPU.ActiveCfg = Debug|Any CPU
		{14F37088-5C78-4E68-A2EC-BF22FB7E721D}.Debug|Any CPU.Build.0 = Debug|Any CPU
		{14F37088-5C78-4E68-A2EC-BF22FB7E721D}.Release|Any CPU.ActiveCfg = Release|Any CPU
		{14F37088-5C78-4E68-A2EC-BF22FB7E721D}.Release|Any CPU.Build.0 = Release|Any CPU
	EndGlobalSection
	GlobalSection(SolutionProperties) = preSolution
		HideSolutionNode = FALSE
	EndGlobalSection
	GlobalSection(ExtensibilityGlobals) = postSolution
		SolutionGuid = {281214E6-3FC5-4225-A85C-C3BA5558545D}
	EndGlobalSection
EndGlobal
